
Microsoft Visual Studio Solution File, Format Version 12.00
# Visual Studio 2013
VisualStudioVersion = 12.0.21005.1
MinimumVisualStudioVersion = 10.0.40219.1
Project("{8BC9CEB8-8B4A-11D0-8D11-00A0C91BC942}") = "Networking", "Networking\Networking.vcxproj", "{AAB7B544-7D46-440E-B0A3-D3814F8FD7E8}"
EndProject
Project("{8BC9CEB8-8B4A-11D0-8D11-00A0C91BC942}") = "Client", "Client\Client.vcxproj", "{5040E78B-5459-4ED1-A0F2-2BFBBEB7EF89}"
	ProjectSection(ProjectDependencies) = postProject
		{AAB7B544-7D46-440E-B0A3-D3814F8FD7E8} = {AAB7B544-7D46-440E-B0A3-D3814F8FD7E8}
	EndProjectSection
EndProject
Project("{8BC9CEB8-8B4A-11D0-8D11-00A0C91BC942}") = "Database", "Database\Database.vcxproj", "{5E7685C3-0105-4ACE-8DFF-F92C0639997C}"
EndProject
Project("{8BC9CEB8-8B4A-11D0-8D11-00A0C91BC942}") = "Server", "Server\Server.vcxproj", "{575D87BA-722F-413B-9FA0-C1FB71910552}"
	ProjectSection(ProjectDependencies) = postProject
		{AAB7B544-7D46-440E-B0A3-D3814F8FD7E8} = {AAB7B544-7D46-440E-B0A3-D3814F8FD7E8}
		{5E7685C3-0105-4ACE-8DFF-F92C0639997C} = {5E7685C3-0105-4ACE-8DFF-F92C0639997C}
	EndProjectSection
EndProject
Global
	GlobalSection(SolutionConfigurationPlatforms) = preSolution
		Debug|Win32 = Debug|Win32
		Release|Win32 = Release|Win32
	EndGlobalSection
	GlobalSection(ProjectConfigurationPlatforms) = postSolution
		{AAB7B544-7D46-440E-B0A3-D3814F8FD7E8}.Debug|Win32.ActiveCfg = Debug|Win32
		{AAB7B544-7D46-440E-B0A3-D3814F8FD7E8}.Debug|Win32.Build.0 = Debug|Win32
		{AAB7B544-7D46-440E-B0A3-D3814F8FD7E8}.Release|Win32.ActiveCfg = Release|Win32
		{AAB7B544-7D46-440E-B0A3-D3814F8FD7E8}.Release|Win32.Build.0 = Release|Win32
		{5040E78B-5459-4ED1-A0F2-2BFBBEB7EF89}.Debug|Win32.ActiveCfg = Debug|Win32
		{5040E78B-5459-4ED1-A0F2-2BFBBEB7EF89}.Debug|Win32.Build.0 = Debug|Win32
		{5040E78B-5459-4ED1-A0F2-2BFBBEB7EF89}.Release|Win32.ActiveCfg = Release|Win32
		{5040E78B-5459-4ED1-A0F2-2BFBBEB7EF89}.Release|Win32.Build.0 = Release|Win32
		{5E7685C3-0105-4ACE-8DFF-F92C0639997C}.Debug|Win32.ActiveCfg = Debug|Win32
		{5E7685C3-0105-4ACE-8DFF-F92C0639997C}.Debug|Win32.Build.0 = Debug|Win32
		{5E7685C3-0105-4ACE-8DFF-F92C0639997C}.Release|Win32.ActiveCfg = Release|Win32
		{5E7685C3-0105-4ACE-8DFF-F92C0639997C}.Release|Win32.Build.0 = Release|Win32
		{575D87BA-722F-413B-9FA0-C1FB71910552}.Debug|Win32.ActiveCfg = Debug|Win32
		{575D87BA-722F-413B-9FA0-C1FB71910552}.Debug|Win32.Build.0 = Debug|Win32
		{575D87BA-722F-413B-9FA0-C1FB71910552}.Release|Win32.ActiveCfg = Release|Win32
		{575D87BA-722F-413B-9FA0-C1FB71910552}.Release|Win32.Build.0 = Release|Win32
	EndGlobalSection
	GlobalSection(SolutionProperties) = preSolution
		HideSolutionNode = FALSE
	EndGlobalSection
EndGlobal
