<?xml version="1.0" encoding="utf-8"?>
<Project ToolsVersion="4.0" xmlns="http://schemas.microsoft.com/developer/msbuild/2003">
  <ItemGroup>
    <Filter Include="Source Files">
      <UniqueIdentifier>{4FC737F1-C7A5-4376-A066-2A32D752A2FF}</UniqueIdentifier>
      <Extensions>cpp;c;cc;cxx;def;odl;idl;hpj;bat;asm;asmx</Extensions>
    </Filter>
    <Filter Include="Header Files">
      <UniqueIdentifier>{93995380-89BD-4b04-88EB-625FBE52EBFB}</UniqueIdentifier>
      <Extensions>h;hh;hpp;hxx;hm;inl;inc;xsd</Extensions>
    </Filter>
    <Filter Include="Resource Files">
      <UniqueIdentifier>{67DA6AB6-F800-4c08-8B7A-83BB121AAD01}</UniqueIdentifier>
      <Extensions>rc;ico;cur;bmp;dlg;rc2;rct;bin;rgs;gif;jpg;jpeg;jpe;resx;tiff;tif;png;wav;mfcribbon-ms</Extensions>
    </Filter>
  </ItemGroup>
  <ItemGroup>
    <ClCompile Include="DLL_Example.cpp">
      <Filter>Source Files</Filter>
    </ClCompile>
    <ClCompile Include="..\..\Design\Database\SkeletonCode\SkeletonCode\ArtLayer.cpp">
      <Filter>Source Files</Filter>
    </ClCompile>
    <ClCompile Include="..\..\Design\Database\SkeletonCode\SkeletonCode\ArtSquare.cpp">
      <Filter>Source Files</Filter>
    </ClCompile>
    <ClCompile Include="..\..\Design\Database\SkeletonCode\SkeletonCode\AssetLayer.cpp">
      <Filter>Source Files</Filter>
    </ClCompile>
    <ClCompile Include="..\..\Design\Database\SkeletonCode\SkeletonCode\AssetSquare.cpp">
      <Filter>Source Files</Filter>
    </ClCompile>
    <ClCompile Include="..\..\Design\Database\SkeletonCode\SkeletonCode\Element.cpp">
      <Filter>Source Files</Filter>
    </ClCompile>
    <ClCompile Include="..\..\Design\Database\SkeletonCode\SkeletonCode\Entity.cpp">
      <Filter>Source Files</Filter>
    </ClCompile>
    <ClCompile Include="..\..\Design\Database\SkeletonCode\SkeletonCode\GridLayer.cpp">
      <Filter>Source Files</Filter>
    </ClCompile>
    <ClCompile Include="..\..\Design\Database\SkeletonCode\SkeletonCode\GridNode.cpp">
      <Filter>Source Files</Filter>
    </ClCompile>
    <ClCompile Include="..\..\Design\Database\SkeletonCode\SkeletonCode\GridSquare.cpp">
      <Filter>Source Files</Filter>
    </ClCompile>
    <ClCompile Include="..\..\Design\Database\SkeletonCode\SkeletonCode\InfluenceLayer.cpp">
      <Filter>Source Files</Filter>
    </ClCompile>
    <ClCompile Include="..\..\Design\Database\SkeletonCode\SkeletonCode\InfluenceSquare.cpp">
      <Filter>Source Files</Filter>
    </ClCompile>
    <ClCompile Include="..\..\Design\Database\SkeletonCode\SkeletonCode\Level.cpp">
      <Filter>Source Files</Filter>
    </ClCompile>
    <ClCompile Include="..\..\Design\Database\SkeletonCode\SkeletonCode\Minion.cpp">
      <Filter>Source Files</Filter>
    </ClCompile>
    <ClCompile Include="..\..\Design\Database\SkeletonCode\SkeletonCode\MinionPath.cpp">
      <Filter>Source Files</Filter>
    </ClCompile>
    <ClCompile Include="..\..\Design\Database\SkeletonCode\SkeletonCode\Player.cpp">
      <Filter>Source Files</Filter>
    </ClCompile>
    <ClCompile Include="..\..\Design\Database\SkeletonCode\SkeletonCode\Projectile.cpp">
      <Filter>Source Files</Filter>
    </ClCompile>
    <ClCompile Include="..\..\Design\Database\SkeletonCode\SkeletonCode\Resistances.cpp">
      <Filter>Source Files</Filter>
    </ClCompile>
    <ClCompile Include="..\..\Design\Database\SkeletonCode\SkeletonCode\Tower.cpp">
      <Filter>Source Files</Filter>
    </ClCompile>
  </ItemGroup>
  <ItemGroup>
    <ClInclude Include="DLL_Example.h">
      <Filter>Header Files</Filter>
    </ClInclude>
    <ClInclude Include="..\..\Design\Database\SkeletonCode\SkeletonCode\ArtLayer.h">
      <Filter>Header Files</Filter>
    </ClInclude>
    <ClInclude Include="..\..\Design\Database\SkeletonCode\SkeletonCode\ArtSquare.h">
      <Filter>Header Files</Filter>
    </ClInclude>
    <ClInclude Include="..\..\Design\Database\SkeletonCode\SkeletonCode\AssetLayer.h">
      <Filter>Header Files</Filter>
    </ClInclude>
    <ClInclude Include="..\..\Design\Database\SkeletonCode\SkeletonCode\AssetSquare.h">
      <Filter>Header Files</Filter>
    </ClInclude>
    <ClInclude Include="..\..\Design\Database\SkeletonCode\SkeletonCode\Element.h">
      <Filter>Header Files</Filter>
    </ClInclude>
    <ClInclude Include="..\..\Design\Database\SkeletonCode\SkeletonCode\Entity.h">
      <Filter>Header Files</Filter>
    </ClInclude>
    <ClInclude Include="..\..\Design\Database\SkeletonCode\SkeletonCode\GridLayer.h">
      <Filter>Header Files</Filter>
    </ClInclude>
    <ClInclude Include="..\..\Design\Database\SkeletonCode\SkeletonCode\GridNode.h">
      <Filter>Header Files</Filter>
    </ClInclude>
    <ClInclude Include="..\..\Design\Database\SkeletonCode\SkeletonCode\GridSquare.h">
      <Filter>Header Files</Filter>
    </ClInclude>
    <ClInclude Include="..\..\Design\Database\SkeletonCode\SkeletonCode\InfluenceLayer.h">
      <Filter>Header Files</Filter>
    </ClInclude>
    <ClInclude Include="..\..\Design\Database\SkeletonCode\SkeletonCode\InfluenceSquare.h">
      <Filter>Header Files</Filter>
    </ClInclude>
    <ClInclude Include="..\..\Design\Database\SkeletonCode\SkeletonCode\Level.h">
      <Filter>Header Files</Filter>
    </ClInclude>
    <ClInclude Include="..\..\Design\Database\SkeletonCode\SkeletonCode\Minion.h">
      <Filter>Header Files</Filter>
    </ClInclude>
    <ClInclude Include="..\..\Design\Database\SkeletonCode\SkeletonCode\MinionPath.h">
      <Filter>Header Files</Filter>
    </ClInclude>
    <ClInclude Include="..\..\Design\Database\SkeletonCode\SkeletonCode\Player.h">
      <Filter>Header Files</Filter>
    </ClInclude>
    <ClInclude Include="..\..\Design\Database\SkeletonCode\SkeletonCode\Projectile.h">
      <Filter>Header Files</Filter>
    </ClInclude>
    <ClInclude Include="..\..\Design\Database\SkeletonCode\SkeletonCode\Resistances.h">
      <Filter>Header Files</Filter>
    </ClInclude>
    <ClInclude Include="..\..\Design\Database\SkeletonCode\SkeletonCode\Tower.h">
      <Filter>Header Files</Filter>
    </ClInclude>
  </ItemGroup>
</Project>