<?xml version="1.0" encoding="utf-8"?>
<Project ToolsVersion="4.0" xmlns="http://schemas.microsoft.com/developer/msbuild/2003">
  <ItemGroup>
    <Filter Include="Source Files">
      <UniqueIdentifier>{4FC737F1-C7A5-4376-A066-2A32D752A2FF}</UniqueIdentifier>
      <Extensions>cpp;c;cc;cxx;def;odl;idl;hpj;bat;asm;asmx</Extensions>
    </Filter>
    <Filter Include="Header Files">
      <UniqueIdentifier>{93995380-89BD-4b04-88EB-625FBE52EBFB}</UniqueIdentifier>
      <Extensions>h;hh;hpp;hxx;hm;inl;inc;xsd</Extensions>
    </Filter>
    <Filter Include="Resource Files">
      <UniqueIdentifier>{67DA6AB6-F800-4c08-8B7A-83BB121AAD01}</UniqueIdentifier>
      <Extensions>rc;ico;cur;bmp;dlg;rc2;rct;bin;rgs;gif;jpg;jpeg;jpe;resx;tiff;tif;png;wav;mfcribbon-ms</Extensions>
    </Filter>
    <Filter Include="Header Files\Database">
      <UniqueIdentifier>{5e682dbc-814d-41b9-90f2-53465baade8b}</UniqueIdentifier>
    </Filter>
    <Filter Include="Header Files\GUI">
      <UniqueIdentifier>{67d1dae2-0d00-4d6e-b329-adf4cab35812}</UniqueIdentifier>
    </Filter>
    <Filter Include="Header Files\Server">
      <UniqueIdentifier>{4efa6779-10ec-455e-89ed-4bebe9b0b15e}</UniqueIdentifier>
    </Filter>
    <Filter Include="Header Files\Client">
      <UniqueIdentifier>{4734dbc3-841b-4e88-afae-7cdbaa49a204}</UniqueIdentifier>
    </Filter>
    <Filter Include="Header Files\Networking">
      <UniqueIdentifier>{669421d2-8f50-4a9f-8a43-57b4702c3e9a}</UniqueIdentifier>
    </Filter>
    <Filter Include="Header Files\Data Structures">
      <UniqueIdentifier>{5da3f3e3-b1a5-4a99-b36b-73085da53122}</UniqueIdentifier>
    </Filter>
    <Filter Include="Source Files\Data Structures">
      <UniqueIdentifier>{039c019e-15a3-4e7a-8317-521aaa765cdc}</UniqueIdentifier>
    </Filter>
    <Filter Include="Source Files\Database">
      <UniqueIdentifier>{c6f5541e-4eb0-49cd-bb59-4b36d00800c3}</UniqueIdentifier>
    </Filter>
    <Filter Include="Source Files\GUI">
      <UniqueIdentifier>{2d6a74c5-43b4-4f19-bb1d-d408ad9d21d6}</UniqueIdentifier>
    </Filter>
    <Filter Include="Source Files\Client">
      <UniqueIdentifier>{6bcdbda9-9c6a-44ea-b2e8-d2ac33ad8f12}</UniqueIdentifier>
    </Filter>
    <Filter Include="Source Files\Networking">
      <UniqueIdentifier>{fa2f28f6-5c23-44fb-9601-65f7691e916b}</UniqueIdentifier>
    </Filter>
    <Filter Include="Source Files\Server">
      <UniqueIdentifier>{4bab256f-0682-4bc2-abc0-27cbbb1a174b}</UniqueIdentifier>
    </Filter>
    <Filter Include="Header Files\Client\Menus">
      <UniqueIdentifier>{e1e4b578-06ab-48a7-8b52-1e4ac6578c04}</UniqueIdentifier>
    </Filter>
    <Filter Include="Header Files\Client\Utilities">
      <UniqueIdentifier>{9fc4479f-8379-4091-83e5-357d9b1c742c}</UniqueIdentifier>
    </Filter>
    <Filter Include="Source Files\Client\Utilities">
      <UniqueIdentifier>{b6d575e7-ea34-4f79-bc3e-98b5ae49418b}</UniqueIdentifier>
    </Filter>
    <Filter Include="Source Files\Client\Menus">
      <UniqueIdentifier>{a398954d-f284-4394-b4f6-9d7e652d7dd5}</UniqueIdentifier>
    </Filter>
    <Filter Include="Header Files\Testbed">
      <UniqueIdentifier>{03064d68-6ace-43ac-8ce6-17f6d4900641}</UniqueIdentifier>
    </Filter>
    <Filter Include="Source Files\Testbed">
      <UniqueIdentifier>{2a23f5aa-6a82-4568-a13d-8a025c1e75b5}</UniqueIdentifier>
    </Filter>
    <Filter Include="Header Files\ServerCommands">
      <UniqueIdentifier>{4a37f465-33cc-4100-966a-c339612df976}</UniqueIdentifier>
    </Filter>
  </ItemGroup>
  <ItemGroup>
    <ClCompile Include="Main.cpp">
      <Filter>Source Files</Filter>
    </ClCompile>
    <ClCompile Include="Packet.cpp">
      <Filter>Source Files\Networking</Filter>
    </ClCompile>
    <ClCompile Include="Connection.cpp">
      <Filter>Source Files\Networking</Filter>
    </ClCompile>
    <ClCompile Include="ArtSquare.cpp">
      <Filter>Source Files\Data Structures</Filter>
    </ClCompile>
    <ClCompile Include="ArtLayer.cpp">
      <Filter>Source Files\Data Structures</Filter>
    </ClCompile>
    <ClCompile Include="AssetLayer.cpp">
      <Filter>Source Files\Data Structures</Filter>
    </ClCompile>
    <ClCompile Include="AssetSquare.cpp">
      <Filter>Source Files\Data Structures</Filter>
    </ClCompile>
    <ClCompile Include="Element.cpp">
      <Filter>Source Files\Data Structures</Filter>
    </ClCompile>
    <ClCompile Include="Entity.cpp">
      <Filter>Source Files\Data Structures</Filter>
    </ClCompile>
    <ClCompile Include="GridLayer.cpp">
      <Filter>Source Files\Data Structures</Filter>
    </ClCompile>
    <ClCompile Include="GridNode.cpp">
      <Filter>Source Files\Data Structures</Filter>
    </ClCompile>
    <ClCompile Include="GridSquare.cpp">
      <Filter>Source Files\Data Structures</Filter>
    </ClCompile>
    <ClCompile Include="InfluenceLayer.cpp">
      <Filter>Source Files\Data Structures</Filter>
    </ClCompile>
    <ClCompile Include="InfluenceSquare.cpp">
      <Filter>Source Files\Data Structures</Filter>
    </ClCompile>
    <ClCompile Include="Level.cpp">
      <Filter>Source Files\Data Structures</Filter>
    </ClCompile>
    <ClCompile Include="Minion.cpp">
      <Filter>Source Files\Data Structures</Filter>
    </ClCompile>
    <ClCompile Include="MinionPath.cpp">
      <Filter>Source Files\Data Structures</Filter>
    </ClCompile>
    <ClCompile Include="Player.cpp">
      <Filter>Source Files\Data Structures</Filter>
    </ClCompile>
    <ClCompile Include="Projectile.cpp">
      <Filter>Source Files\Data Structures</Filter>
    </ClCompile>
    <ClCompile Include="Resistances.cpp">
      <Filter>Source Files\Data Structures</Filter>
    </ClCompile>
    <ClCompile Include="Tower.cpp">
      <Filter>Source Files\Data Structures</Filter>
    </ClCompile>
    <ClCompile Include="APIEvents.cpp">
      <Filter>Source Files\GUI</Filter>
    </ClCompile>
    <ClCompile Include="Button.cpp">
      <Filter>Source Files\GUI</Filter>
    </ClCompile>
    <ClCompile Include="Checkbox.cpp">
      <Filter>Source Files\GUI</Filter>
    </ClCompile>
    <ClCompile Include="ClientAPI.cpp">
      <Filter>Source Files\GUI</Filter>
    </ClCompile>
    <ClCompile Include="GuiContainer.cpp">
      <Filter>Source Files\GUI</Filter>
    </ClCompile>
    <ClCompile Include="Label.cpp">
      <Filter>Source Files\GUI</Filter>
    </ClCompile>
    <ClCompile Include="Slider.cpp">
      <Filter>Source Files\GUI</Filter>
    </ClCompile>
    <ClCompile Include="testMain.cpp">
      <Filter>Source Files\GUI</Filter>
    </ClCompile>
    <ClCompile Include="TextField.cpp">
      <Filter>Source Files\GUI</Filter>
    </ClCompile>
    <ClCompile Include="Window.cpp">
      <Filter>Source Files\GUI</Filter>
    </ClCompile>
    <ClCompile Include="DatabaseAPI.cpp">
      <Filter>Source Files\Database</Filter>
    </ClCompile>
    <ClCompile Include="Serialize.cpp">
      <Filter>Source Files\Networking</Filter>
    </ClCompile>
    <ClCompile Include="ScreenFader.cpp">
      <Filter>Source Files\Client\Utilities</Filter>
    </ClCompile>
    <ClCompile Include="Tooltip.cpp">
      <Filter>Source Files\GUI</Filter>
    </ClCompile>
    <ClCompile Include="ClientLiaison.cpp">
      <Filter>Source Files\Server</Filter>
    </ClCompile>
    <ClCompile Include="Server.cpp">
      <Filter>Source Files\Server</Filter>
    </ClCompile>
    <ClCompile Include="ThreadPool.cpp">
      <Filter>Source Files\Server</Filter>
    </ClCompile>
    <ClCompile Include="Worker.cpp">
      <Filter>Source Files\Server</Filter>
    </ClCompile>
    <ClCompile Include="ServerCommand.cpp">
      <Filter>Source Files\Server</Filter>
    </ClCompile>
    <ClCompile Include="IngamePause.cpp">
      <Filter>Source Files\Client\Menus</Filter>
    </ClCompile>
    <ClCompile Include="ParticleSystem.cpp">
      <Filter>Source Files\Client\Utilities</Filter>
    </ClCompile>
    <ClCompile Include="Sprite.cpp">
      <Filter>Source Files\Client</Filter>
    </ClCompile>
    <ClCompile Include="Teams.cpp">
      <Filter>Source Files\Server</Filter>
    </ClCompile>
    <ClCompile Include="AnimatedSprite.cpp">
      <Filter>Source Files\Client</Filter>
    </ClCompile>
    <ClCompile Include="TestDatabase.cpp">
      <Filter>Source Files\Database</Filter>
    </ClCompile>
    <ClCompile Include="NetBroadcaster.cpp">
      <Filter>Source Files\Networking</Filter>
    </ClCompile>
    <ClCompile Include="ServerPlayer.cpp">
      <Filter>Source Files\Server</Filter>
    </ClCompile>
    <ClCompile Include="ServerLobby.cpp">
      <Filter>Source Files\Server</Filter>
    </ClCompile>
    <ClCompile Include="FrameLimiter.cpp">
      <Filter>Source Files\GUI</Filter>
    </ClCompile>
    <ClCompile Include="TestSerialize.cpp">
      <Filter>Source Files\Testbed</Filter>
    </ClCompile>
    <ClCompile Include="Test.cpp">
      <Filter>Source Files\Testbed</Filter>
    </ClCompile>
    <ClCompile Include="Tester.cpp">
      <Filter>Source Files\Testbed</Filter>
    </ClCompile>
    <ClCompile Include="TestProtocol.cpp">
      <Filter>Source Files\Testbed</Filter>
    </ClCompile>
    <ClCompile Include="ServerTester.cpp">
      <Filter>Source Files\Server</Filter>
    </ClCompile>
    <ClCompile Include="GameManager.cpp">
      <Filter>Source Files\Server</Filter>
    </ClCompile>
    <ClCompile Include="ServerLiason.cpp">
      <Filter>Source Files\Client</Filter>
    </ClCompile>
    <ClCompile Include="NetClient.cpp">
      <Filter>Source Files\Networking</Filter>
    </ClCompile>
    <ClCompile Include="NetServer.cpp">
      <Filter>Source Files\Networking</Filter>
    </ClCompile>
    <ClCompile Include="PlayerBase.cpp">
      <Filter>Source Files\Data Structures</Filter>
    </ClCompile>
    <ClCompile Include="GuiGridLayer.cpp">
      <Filter>Source Files\GUI</Filter>
    </ClCompile>
    <ClCompile Include="GuiGridSquare.cpp">
      <Filter>Source Files\GUI</Filter>
    </ClCompile>
    <ClCompile Include="PacketFactory.cpp">
      <Filter>Source Files\Server</Filter>
    </ClCompile>
    <ClCompile Include="ThreadedListener.cpp">
      <Filter>Source Files\Networking</Filter>
    </ClCompile>
    <ClCompile Include="LocalDB.cpp">
      <Filter>Source Files\Server</Filter>
    </ClCompile>
  </ItemGroup>
  <ItemGroup>
    <ClInclude Include="Serializable.h">
      <Filter>Header Files\Networking</Filter>
    </ClInclude>
    <ClInclude Include="Packet.h">
      <Filter>Header Files\Networking</Filter>
    </ClInclude>
    <ClInclude Include="Protocol.h">
      <Filter>Header Files\Networking</Filter>
    </ClInclude>
    <ClInclude Include="Connection.h">
      <Filter>Header Files\Networking</Filter>
    </ClInclude>
    <ClInclude Include="Serialize.h">
      <Filter>Header Files\Networking</Filter>
    </ClInclude>
    <ClInclude Include="Tower.h">
      <Filter>Header Files\Data Structures</Filter>
    </ClInclude>
    <ClInclude Include="Resistances.h">
      <Filter>Header Files\Data Structures</Filter>
    </ClInclude>
    <ClInclude Include="Projectile.h">
      <Filter>Header Files\Data Structures</Filter>
    </ClInclude>
    <ClInclude Include="Player.h">
      <Filter>Header Files\Data Structures</Filter>
    </ClInclude>
    <ClInclude Include="MinionPath.h">
      <Filter>Header Files\Data Structures</Filter>
    </ClInclude>
    <ClInclude Include="Minion.h">
      <Filter>Header Files\Data Structures</Filter>
    </ClInclude>
    <ClInclude Include="Level.h">
      <Filter>Header Files\Data Structures</Filter>
    </ClInclude>
    <ClInclude Include="InfluenceSquare.h">
      <Filter>Header Files\Data Structures</Filter>
    </ClInclude>
    <ClInclude Include="InfluenceLayer.h">
      <Filter>Header Files\Data Structures</Filter>
    </ClInclude>
    <ClInclude Include="Entity.h">
      <Filter>Header Files\Data Structures</Filter>
    </ClInclude>
    <ClInclude Include="Element.h">
      <Filter>Header Files\Data Structures</Filter>
    </ClInclude>
    <ClInclude Include="AssetSquare.h">
      <Filter>Header Files\Data Structures</Filter>
    </ClInclude>
    <ClInclude Include="AssetLayer.h">
      <Filter>Header Files\Data Structures</Filter>
    </ClInclude>
    <ClInclude Include="ArtSquare.h">
      <Filter>Header Files\Data Structures</Filter>
    </ClInclude>
    <ClInclude Include="ArtLayer.h">
      <Filter>Header Files\Data Structures</Filter>
    </ClInclude>
    <ClInclude Include="Checkbox.h">
      <Filter>Header Files\GUI</Filter>
    </ClInclude>
    <ClInclude Include="Button.h">
      <Filter>Header Files\GUI</Filter>
    </ClInclude>
    <ClInclude Include="APIHelper.h">
      <Filter>Header Files\GUI</Filter>
    </ClInclude>
    <ClInclude Include="APIEvents.h">
      <Filter>Header Files\GUI</Filter>
    </ClInclude>
    <ClInclude Include="Window.h">
      <Filter>Header Files\GUI</Filter>
    </ClInclude>
    <ClInclude Include="TextField.h">
      <Filter>Header Files\GUI</Filter>
    </ClInclude>
    <ClInclude Include="Slider.h">
      <Filter>Header Files\GUI</Filter>
    </ClInclude>
    <ClInclude Include="Label.h">
      <Filter>Header Files\GUI</Filter>
    </ClInclude>
    <ClInclude Include="Includes.h">
      <Filter>Header Files\GUI</Filter>
    </ClInclude>
    <ClInclude Include="GuiElement.h">
      <Filter>Header Files\GUI</Filter>
    </ClInclude>
    <ClInclude Include="GuiContainer.h">
      <Filter>Header Files\GUI</Filter>
    </ClInclude>
    <ClInclude Include="ClientAPI.h">
      <Filter>Header Files\GUI</Filter>
    </ClInclude>
    <ClInclude Include="DataDefinitions.h">
      <Filter>Header Files\Database</Filter>
    </ClInclude>
    <ClInclude Include="Credits.h">
      <Filter>Header Files\Client\Menus</Filter>
    </ClInclude>
    <ClInclude Include="GameLobby.h">
      <Filter>Header Files\Client\Menus</Filter>
    </ClInclude>
    <ClInclude Include="GUI.h">
      <Filter>Header Files\Client\Menus</Filter>
    </ClInclude>
    <ClInclude Include="LoginPopup.h">
      <Filter>Header Files\Client\Menus</Filter>
    </ClInclude>
    <ClInclude Include="MainMenu.h">
      <Filter>Header Files\Client\Menus</Filter>
    </ClInclude>
    <ClInclude Include="Options.h">
      <Filter>Header Files\Client\Menus</Filter>
    </ClInclude>
    <ClInclude Include="API_Util.h">
      <Filter>Header Files\Client\Utilities</Filter>
    </ClInclude>
    <ClInclude Include="ScreenFader.h">
      <Filter>Header Files\Client\Utilities</Filter>
    </ClInclude>
    <ClInclude Include="Tooltip.h">
      <Filter>Header Files\GUI</Filter>
    </ClInclude>
    <ClInclude Include="ConnectionException.h">
      <Filter>Header Files\Networking</Filter>
    </ClInclude>
    <ClInclude Include="ClientLiaison.h">
      <Filter>Header Files\Server</Filter>
    </ClInclude>
    <ClInclude Include="BlockingQueue.h">
      <Filter>Header Files\Server</Filter>
    </ClInclude>
    <ClInclude Include="TableInfo.h">
      <Filter>Header Files\Database</Filter>
    </ClInclude>
    <ClInclude Include="Server.h">
      <Filter>Header Files\Server</Filter>
    </ClInclude>
    <ClInclude Include="ThreadPool.h">
      <Filter>Header Files\Server</Filter>
    </ClInclude>
    <ClInclude Include="WorkItem.h">
      <Filter>Header Files\Server</Filter>
    </ClInclude>
    <ClInclude Include="Worker.h">
      <Filter>Header Files\Server</Filter>
    </ClInclude>
    <ClInclude Include="ServerIncludes.h">
      <Filter>Header Files\Server</Filter>
    </ClInclude>
    <ClInclude Include="IngamePause.h">
      <Filter>Header Files\Client\Menus</Filter>
    </ClInclude>
    <ClInclude Include="ParticleSystem.h">
      <Filter>Header Files\Client\Utilities</Filter>
    </ClInclude>
    <ClInclude Include="Sprite.h">
      <Filter>Header Files\Client</Filter>
    </ClInclude>
    <ClInclude Include="Teams.h">
      <Filter>Header Files\Server</Filter>
    </ClInclude>
    <ClInclude Include="GuiMinion.h">
      <Filter>Header Files\Client</Filter>
    </ClInclude>
    <ClInclude Include="GuiTower.h">
      <Filter>Header Files\Client</Filter>
    </ClInclude>
    <ClInclude Include="AnimatedSprite.h">
      <Filter>Header Files\Client</Filter>
    </ClInclude>
    <ClInclude Include="TestDatabase.h">
      <Filter>Header Files\Database</Filter>
    </ClInclude>
    <ClInclude Include="NetBroadcaster.h">
      <Filter>Header Files\Networking</Filter>
    </ClInclude>
    <ClInclude Include="ServerPlayer.h">
      <Filter>Header Files\Server</Filter>
    </ClInclude>
    <ClInclude Include="ServerLobby.h">
      <Filter>Header Files\Server</Filter>
    </ClInclude>
    <ClInclude Include="GameModel.h">
      <Filter>Header Files\Server</Filter>
    </ClInclude>
    <ClInclude Include="Dictionary.h">
      <Filter>Header Files\GUI</Filter>
    </ClInclude>
    <ClInclude Include="FrameLimiter.h">
      <Filter>Header Files\GUI</Filter>
    </ClInclude>
    <ClInclude Include="GuiProjectile.h">
      <Filter>Header Files\Client</Filter>
    </ClInclude>
    <ClInclude Include="DatabaseAPI.h">
      <Filter>Header Files\Database</Filter>
    </ClInclude>
    <ClInclude Include="TestSerialize.h">
      <Filter>Header Files\Testbed</Filter>
    </ClInclude>
    <ClInclude Include="Test.h">
      <Filter>Header Files\Testbed</Filter>
    </ClInclude>
    <ClInclude Include="Tester.h">
      <Filter>Header Files\Testbed</Filter>
    </ClInclude>
    <ClInclude Include="TestProtocol.h">
      <Filter>Header Files\Testbed</Filter>
    </ClInclude>
    <ClInclude Include="ServerTester.h">
      <Filter>Header Files\Server</Filter>
    </ClInclude>
    <ClInclude Include="GameManager.h">
      <Filter>Header Files\Server</Filter>
    </ClInclude>
    <ClInclude Include="ServerLiason.h">
      <Filter>Header Files\Client</Filter>
    </ClInclude>
    <ClInclude Include="NetworkCommands.h">
      <Filter>Header Files\Client</Filter>
    </ClInclude>
    <ClInclude Include="ViewGames.h">
      <Filter>Header Files\Client\Menus</Filter>
    </ClInclude>
    <ClInclude Include="NetReceiver.h">
      <Filter>Header Files\Networking</Filter>
    </ClInclude>
    <ClInclude Include="NetServer.h">
      <Filter>Header Files\Networking</Filter>
    </ClInclude>
    <ClInclude Include="NetClient.h">
      <Filter>Header Files\Networking</Filter>
    </ClInclude>
    <ClInclude Include="PlayerBase.h">
      <Filter>Header Files\Data Structures</Filter>
    </ClInclude>
    <ClInclude Include="Command_CreateNewGame.h">
      <Filter>Header Files\ServerCommands</Filter>
    </ClInclude>
    <ClInclude Include="Command_IntFloatProduct.h">
      <Filter>Header Files\ServerCommands</Filter>
    </ClInclude>
    <ClInclude Include="Command_TripleAFloat.h">
      <Filter>Header Files\ServerCommands</Filter>
    </ClInclude>
    <ClInclude Include="ServerCommand.h">
      <Filter>Header Files\ServerCommands</Filter>
    </ClInclude>
    <ClInclude Include="ServerCommandIncludes.h">
      <Filter>Header Files\ServerCommands</Filter>
    </ClInclude>
    <ClInclude Include="TestCommand.h">
      <Filter>Header Files\ServerCommands</Filter>
    </ClInclude>
    <ClInclude Include="Command_UpdateMinions.h">
      <Filter>Header Files\ServerCommands</Filter>
    </ClInclude>
    <ClInclude Include="AudioChannel.h">
      <Filter>Header Files\GUI</Filter>
    </ClInclude>
    <ClInclude Include="GridNode.h">
      <Filter>Header Files\Data Structures</Filter>
    </ClInclude>
    <ClInclude Include="GuiGridLayer.h">
      <Filter>Header Files\GUI</Filter>
    </ClInclude>
    <ClInclude Include="GuiGridSquare.h">
      <Filter>Header Files\GUI</Filter>
    </ClInclude>
    <ClInclude Include="GridLayer.h">
      <Filter>Header Files\Data Structures</Filter>
    </ClInclude>
    <ClInclude Include="GridSquare.h">
      <Filter>Header Files\Data Structures</Filter>
    </ClInclude>
    <ClInclude Include="PacketFactory.h">
      <Filter>Header Files\Server</Filter>
    </ClInclude>
    <ClInclude Include="ThreadedListener.h">
      <Filter>Header Files\Networking</Filter>
    </ClInclude>
    <ClInclude Include="LocalDB.h">
      <Filter>Header Files\Server</Filter>
    </ClInclude>
  </ItemGroup>
</Project>